// !$*UTF8*$!
{
	archiveVersion = 1;
	classes = {
	};
	objectVersion = 52;
	objects = {

/* Begin PBXBuildFile section */
		63D0ABBF28D0BB5F00897868 /* AccountAPI.swift in Sources */ = {isa = PBXBuildFile; fileRef = 63D0ABBE28D0BB5F00897868 /* AccountAPI.swift */; };
		651A7A5B26EF490000A8A16D /* RegisterAccountView.swift in Sources */ = {isa = PBXBuildFile; fileRef = 651A7A5A26EF490000A8A16D /* RegisterAccountView.swift */; };
		651A7A5D26EF4A0300A8A16D /* RegisterAccountViewModel.swift in Sources */ = {isa = PBXBuildFile; fileRef = 651A7A5C26EF4A0300A8A16D /* RegisterAccountViewModel.swift */; };
		651A7A6026F879F000A8A16D /* SetUpInvoiceView.swift in Sources */ = {isa = PBXBuildFile; fileRef = 651A7A5F26F879F000A8A16D /* SetUpInvoiceView.swift */; };
		6592EDF92701BC6900AFB3A1 /* InvoicesView.swift in Sources */ = {isa = PBXBuildFile; fileRef = 6592EDF82701BC6900AFB3A1 /* InvoicesView.swift */; };
		6592EDFB2701BCB200AFB3A1 /* InvoicesViewModel.swift in Sources */ = {isa = PBXBuildFile; fileRef = 6592EDFA2701BCB200AFB3A1 /* InvoicesViewModel.swift */; };
		65F14A3926F8872A00C9B443 /* SetupUpInvoiceViewModel.swift in Sources */ = {isa = PBXBuildFile; fileRef = 65F14A3826F8872A00C9B443 /* SetupUpInvoiceViewModel.swift */; };
		C0624DD028D462A2007F68D8 /* AccountDataModel.swift in Sources */ = {isa = PBXBuildFile; fileRef = C0624DCF28D462A2007F68D8 /* AccountDataModel.swift */; };
		D312323A2715C95D00BBD1EF /* BasicLoadingScreen.swift in Sources */ = {isa = PBXBuildFile; fileRef = D31232392715C95D00BBD1EF /* BasicLoadingScreen.swift */; };
		D327CD6426E64D0D007FC380 /* MapView.swift in Sources */ = {isa = PBXBuildFile; fileRef = D327CD6326E64D0D007FC380 /* MapView.swift */; };
		D327CD6626E65F33007FC380 /* IdentifyChargerView.swift in Sources */ = {isa = PBXBuildFile; fileRef = D327CD6526E65F32007FC380 /* IdentifyChargerView.swift */; };
		D334B13526EF9ABE000D31E9 /* RecoverPasswordView.swift in Sources */ = {isa = PBXBuildFile; fileRef = D334B13426EF9ABE000D31E9 /* RecoverPasswordView.swift */; };
		D334B13726EFBBAA000D31E9 /* EmailSentView.swift in Sources */ = {isa = PBXBuildFile; fileRef = D334B13626EFBBAA000D31E9 /* EmailSentView.swift */; };
		D34A1AC126F52E89001EB5D2 /* ChargerRowView.swift in Sources */ = {isa = PBXBuildFile; fileRef = D34A1AC026F52E89001EB5D2 /* ChargerRowView.swift */; };
		D34A1AC326F53D0E001EB5D2 /* ChargerHub.swift in Sources */ = {isa = PBXBuildFile; fileRef = D34A1AC226F53D0E001EB5D2 /* ChargerHub.swift */; };
		D34A1AC526F54304001EB5D2 /* ChargerList.swift in Sources */ = {isa = PBXBuildFile; fileRef = D34A1AC426F54304001EB5D2 /* ChargerList.swift */; };
		D35844E826FB6AB1004F5790 /* LocationManager.swift in Sources */ = {isa = PBXBuildFile; fileRef = D35844E726FB6AB1004F5790 /* LocationManager.swift */; };
		D36667712716F1CE002EA995 /* KlarnaMobileSDK in Frameworks */ = {isa = PBXBuildFile; productRef = D36667702716F1CE002EA995 /* KlarnaMobileSDK */; };
		D3666B2C26FF313100AAA876 /* ChargerHubView.swift in Sources */ = {isa = PBXBuildFile; fileRef = D3666B2B26FF313100AAA876 /* ChargerHubView.swift */; };
		D388D13C2706ED85005C1927 /* Extensions.swift in Sources */ = {isa = PBXBuildFile; fileRef = D388D13B2706ED85005C1927 /* Extensions.swift */; };
		D388D13F270C5AB2005C1927 /* RegularButton.swift in Sources */ = {isa = PBXBuildFile; fileRef = D388D13E270C5AB2005C1927 /* RegularButton.swift */; };
		D388D141270C7598005C1927 /* RegularTextField.swift in Sources */ = {isa = PBXBuildFile; fileRef = D388D140270C7598005C1927 /* RegularTextField.swift */; };
		D388D144270C777C005C1927 /* UsefulValues.swift in Sources */ = {isa = PBXBuildFile; fileRef = D388D143270C777C005C1927 /* UsefulValues.swift */; };
		D388D146270C79CF005C1927 /* SecureTextField.swift in Sources */ = {isa = PBXBuildFile; fileRef = D388D145270C79CF005C1927 /* SecureTextField.swift */; };
		D3A1D66A26FB3B0900B71BCA /* ChargerAPI.swift in Sources */ = {isa = PBXBuildFile; fileRef = D3A1D66926FB3B0900B71BCA /* ChargerAPI.swift */; };
		D3A2033226F22411007B0D90 /* CodeScanner in Frameworks */ = {isa = PBXBuildFile; productRef = D3A2033126F22411007B0D90 /* CodeScanner */; };
		D3A2033826F24025007B0D90 /* QROverlayView.swift in Sources */ = {isa = PBXBuildFile; fileRef = D3A2033726F24025007B0D90 /* QROverlayView.swift */; };
		D3A2033E26F4846B007B0D90 /* LoginView.swift in Sources */ = {isa = PBXBuildFile; fileRef = D3A2033D26F4846B007B0D90 /* LoginView.swift */; };
		D3D6D15226E6286500B77B16 /* FlexiChargeApp.swift in Sources */ = {isa = PBXBuildFile; fileRef = D3D6D15126E6286500B77B16 /* FlexiChargeApp.swift */; };
		D3D6D15626E6286700B77B16 /* Assets.xcassets in Resources */ = {isa = PBXBuildFile; fileRef = D3D6D15526E6286700B77B16 /* Assets.xcassets */; };
		D3D6D15926E6286700B77B16 /* Preview Assets.xcassets in Resources */ = {isa = PBXBuildFile; fileRef = D3D6D15826E6286700B77B16 /* Preview Assets.xcassets */; };
		D3D6D15B26E6286700B77B16 /* Persistence.swift in Sources */ = {isa = PBXBuildFile; fileRef = D3D6D15A26E6286700B77B16 /* Persistence.swift */; };
		D3D6D15E26E6286700B77B16 /* FlexiCharge.xcdatamodeld in Sources */ = {isa = PBXBuildFile; fileRef = D3D6D15C26E6286700B77B16 /* FlexiCharge.xcdatamodeld */; };
		D3D6D16926E6286800B77B16 /* FlexiChargeTests.swift in Sources */ = {isa = PBXBuildFile; fileRef = D3D6D16826E6286800B77B16 /* FlexiChargeTests.swift */; };
		D3D6D17426E6286800B77B16 /* FlexiChargeUITests.swift in Sources */ = {isa = PBXBuildFile; fileRef = D3D6D17326E6286800B77B16 /* FlexiChargeUITests.swift */; };
		D3D6D18826E629BE00B77B16 /* ContentView.swift in Sources */ = {isa = PBXBuildFile; fileRef = D3D6D18726E629BE00B77B16 /* ContentView.swift */; };
		FD58562A270DA9490003F109 /* KlarnaView.swift in Sources */ = {isa = PBXBuildFile; fileRef = FD585629270DA9490003F109 /* KlarnaView.swift */; };
		FD58562C270DA97E0003F109 /* KlarnaViewModel.swift in Sources */ = {isa = PBXBuildFile; fileRef = FD58562B270DA97E0003F109 /* KlarnaViewModel.swift */; };
		FD8B4F1526EA11D400B0FDB5 /* IdentifyChargerViewModel.swift in Sources */ = {isa = PBXBuildFile; fileRef = FD8B4F1426EA11D400B0FDB5 /* IdentifyChargerViewModel.swift */; };
		FD9BB76C26F8BC7600CBE7E5 /* ChargingInProgressView.swift in Sources */ = {isa = PBXBuildFile; fileRef = FD9BB76B26F8BC7600CBE7E5 /* ChargingInProgressView.swift */; };
		FDDFFF4626EF7C7F004B8EE9 /* SettingsView.swift in Sources */ = {isa = PBXBuildFile; fileRef = FDDFFF4526EF7C7F004B8EE9 /* SettingsView.swift */; };
/* End PBXBuildFile section */

/* Begin PBXContainerItemProxy section */
		D3D6D16526E6286800B77B16 /* PBXContainerItemProxy */ = {
			isa = PBXContainerItemProxy;
			containerPortal = D3D6D14626E6286500B77B16 /* Project object */;
			proxyType = 1;
			remoteGlobalIDString = D3D6D14D26E6286500B77B16;
			remoteInfo = FlexiCharge;
		};
		D3D6D17026E6286800B77B16 /* PBXContainerItemProxy */ = {
			isa = PBXContainerItemProxy;
			containerPortal = D3D6D14626E6286500B77B16 /* Project object */;
			proxyType = 1;
			remoteGlobalIDString = D3D6D14D26E6286500B77B16;
			remoteInfo = FlexiCharge;
		};
/* End PBXContainerItemProxy section */

/* Begin PBXFileReference section */
		63D0ABBE28D0BB5F00897868 /* AccountAPI.swift */ = {isa = PBXFileReference; lastKnownFileType = sourcecode.swift; path = AccountAPI.swift; sourceTree = SOURCE_ROOT; };
		651A7A5A26EF490000A8A16D /* RegisterAccountView.swift */ = {isa = PBXFileReference; lastKnownFileType = sourcecode.swift; path = RegisterAccountView.swift; sourceTree = "<group>"; };
		651A7A5C26EF4A0300A8A16D /* RegisterAccountViewModel.swift */ = {isa = PBXFileReference; lastKnownFileType = sourcecode.swift; path = RegisterAccountViewModel.swift; sourceTree = "<group>"; };
		651A7A5F26F879F000A8A16D /* SetUpInvoiceView.swift */ = {isa = PBXFileReference; lastKnownFileType = sourcecode.swift; path = SetUpInvoiceView.swift; sourceTree = "<group>"; };
		6592EDF82701BC6900AFB3A1 /* InvoicesView.swift */ = {isa = PBXFileReference; lastKnownFileType = sourcecode.swift; path = InvoicesView.swift; sourceTree = "<group>"; };
		6592EDFA2701BCB200AFB3A1 /* InvoicesViewModel.swift */ = {isa = PBXFileReference; lastKnownFileType = sourcecode.swift; path = InvoicesViewModel.swift; sourceTree = "<group>"; };
		65F14A3826F8872A00C9B443 /* SetupUpInvoiceViewModel.swift */ = {isa = PBXFileReference; lastKnownFileType = sourcecode.swift; path = SetupUpInvoiceViewModel.swift; sourceTree = "<group>"; };
		C0624DCF28D462A2007F68D8 /* AccountDataModel.swift */ = {isa = PBXFileReference; lastKnownFileType = sourcecode.swift; path = AccountDataModel.swift; sourceTree = SOURCE_ROOT; };
		D31232392715C95D00BBD1EF /* BasicLoadingScreen.swift */ = {isa = PBXFileReference; lastKnownFileType = sourcecode.swift; path = BasicLoadingScreen.swift; sourceTree = "<group>"; };
		D327CD6326E64D0D007FC380 /* MapView.swift */ = {isa = PBXFileReference; lastKnownFileType = sourcecode.swift; path = MapView.swift; sourceTree = "<group>"; };
		D327CD6526E65F32007FC380 /* IdentifyChargerView.swift */ = {isa = PBXFileReference; lastKnownFileType = sourcecode.swift; path = IdentifyChargerView.swift; sourceTree = "<group>"; };
		D334B13426EF9ABE000D31E9 /* RecoverPasswordView.swift */ = {isa = PBXFileReference; lastKnownFileType = sourcecode.swift; path = RecoverPasswordView.swift; sourceTree = "<group>"; };
		D334B13626EFBBAA000D31E9 /* EmailSentView.swift */ = {isa = PBXFileReference; lastKnownFileType = sourcecode.swift; path = EmailSentView.swift; sourceTree = "<group>"; };
		D34A1AC026F52E89001EB5D2 /* ChargerRowView.swift */ = {isa = PBXFileReference; lastKnownFileType = sourcecode.swift; path = ChargerRowView.swift; sourceTree = "<group>"; };
		D34A1AC226F53D0E001EB5D2 /* ChargerHub.swift */ = {isa = PBXFileReference; lastKnownFileType = sourcecode.swift; path = ChargerHub.swift; sourceTree = "<group>"; };
		D34A1AC426F54304001EB5D2 /* ChargerList.swift */ = {isa = PBXFileReference; lastKnownFileType = sourcecode.swift; path = ChargerList.swift; sourceTree = "<group>"; };
		D35844E726FB6AB1004F5790 /* LocationManager.swift */ = {isa = PBXFileReference; lastKnownFileType = sourcecode.swift; path = LocationManager.swift; sourceTree = "<group>"; };
		D3666B2B26FF313100AAA876 /* ChargerHubView.swift */ = {isa = PBXFileReference; lastKnownFileType = sourcecode.swift; path = ChargerHubView.swift; sourceTree = "<group>"; };
		D388D13B2706ED85005C1927 /* Extensions.swift */ = {isa = PBXFileReference; lastKnownFileType = sourcecode.swift; path = Extensions.swift; sourceTree = "<group>"; };
		D388D13E270C5AB2005C1927 /* RegularButton.swift */ = {isa = PBXFileReference; lastKnownFileType = sourcecode.swift; path = RegularButton.swift; sourceTree = "<group>"; };
		D388D140270C7598005C1927 /* RegularTextField.swift */ = {isa = PBXFileReference; lastKnownFileType = sourcecode.swift; path = RegularTextField.swift; sourceTree = "<group>"; };
		D388D143270C777C005C1927 /* UsefulValues.swift */ = {isa = PBXFileReference; lastKnownFileType = sourcecode.swift; path = UsefulValues.swift; sourceTree = "<group>"; };
		D388D145270C79CF005C1927 /* SecureTextField.swift */ = {isa = PBXFileReference; lastKnownFileType = sourcecode.swift; path = SecureTextField.swift; sourceTree = "<group>"; };
		D3A1D66926FB3B0900B71BCA /* ChargerAPI.swift */ = {isa = PBXFileReference; lastKnownFileType = sourcecode.swift; name = ChargerAPI.swift; path = FlexiCharge/Views/IdentifyCharger/ChargerAPI.swift; sourceTree = SOURCE_ROOT; };
		D3A2033726F24025007B0D90 /* QROverlayView.swift */ = {isa = PBXFileReference; lastKnownFileType = sourcecode.swift; path = QROverlayView.swift; sourceTree = "<group>"; };
		D3A2033D26F4846B007B0D90 /* LoginView.swift */ = {isa = PBXFileReference; lastKnownFileType = sourcecode.swift; path = LoginView.swift; sourceTree = "<group>"; };
		D3D6D14E26E6286500B77B16 /* FlexiCharge.app */ = {isa = PBXFileReference; explicitFileType = wrapper.application; includeInIndex = 0; path = FlexiCharge.app; sourceTree = BUILT_PRODUCTS_DIR; };
		D3D6D15126E6286500B77B16 /* FlexiChargeApp.swift */ = {isa = PBXFileReference; lastKnownFileType = sourcecode.swift; path = FlexiChargeApp.swift; sourceTree = "<group>"; };
		D3D6D15526E6286700B77B16 /* Assets.xcassets */ = {isa = PBXFileReference; lastKnownFileType = folder.assetcatalog; path = Assets.xcassets; sourceTree = "<group>"; };
		D3D6D15826E6286700B77B16 /* Preview Assets.xcassets */ = {isa = PBXFileReference; lastKnownFileType = folder.assetcatalog; path = "Preview Assets.xcassets"; sourceTree = "<group>"; };
		D3D6D15A26E6286700B77B16 /* Persistence.swift */ = {isa = PBXFileReference; lastKnownFileType = sourcecode.swift; path = Persistence.swift; sourceTree = "<group>"; };
		D3D6D15D26E6286700B77B16 /* FlexiCharge.xcdatamodel */ = {isa = PBXFileReference; lastKnownFileType = wrapper.xcdatamodel; path = FlexiCharge.xcdatamodel; sourceTree = "<group>"; };
		D3D6D15F26E6286700B77B16 /* Info.plist */ = {isa = PBXFileReference; lastKnownFileType = text.plist.xml; path = Info.plist; sourceTree = "<group>"; };
		D3D6D16426E6286800B77B16 /* FlexiChargeTests.xctest */ = {isa = PBXFileReference; explicitFileType = wrapper.cfbundle; includeInIndex = 0; path = FlexiChargeTests.xctest; sourceTree = BUILT_PRODUCTS_DIR; };
		D3D6D16826E6286800B77B16 /* FlexiChargeTests.swift */ = {isa = PBXFileReference; lastKnownFileType = sourcecode.swift; path = FlexiChargeTests.swift; sourceTree = "<group>"; };
		D3D6D16A26E6286800B77B16 /* Info.plist */ = {isa = PBXFileReference; lastKnownFileType = text.plist.xml; path = Info.plist; sourceTree = "<group>"; };
		D3D6D16F26E6286800B77B16 /* FlexiChargeUITests.xctest */ = {isa = PBXFileReference; explicitFileType = wrapper.cfbundle; includeInIndex = 0; path = FlexiChargeUITests.xctest; sourceTree = BUILT_PRODUCTS_DIR; };
		D3D6D17326E6286800B77B16 /* FlexiChargeUITests.swift */ = {isa = PBXFileReference; lastKnownFileType = sourcecode.swift; path = FlexiChargeUITests.swift; sourceTree = "<group>"; };
		D3D6D17526E6286800B77B16 /* Info.plist */ = {isa = PBXFileReference; lastKnownFileType = text.plist.xml; path = Info.plist; sourceTree = "<group>"; };
		D3D6D18726E629BE00B77B16 /* ContentView.swift */ = {isa = PBXFileReference; fileEncoding = 4; lastKnownFileType = sourcecode.swift; path = ContentView.swift; sourceTree = "<group>"; };
		FD585629270DA9490003F109 /* KlarnaView.swift */ = {isa = PBXFileReference; lastKnownFileType = sourcecode.swift; path = KlarnaView.swift; sourceTree = "<group>"; };
		FD58562B270DA97E0003F109 /* KlarnaViewModel.swift */ = {isa = PBXFileReference; lastKnownFileType = sourcecode.swift; path = KlarnaViewModel.swift; sourceTree = "<group>"; };
		FD8B4F1426EA11D400B0FDB5 /* IdentifyChargerViewModel.swift */ = {isa = PBXFileReference; lastKnownFileType = sourcecode.swift; path = IdentifyChargerViewModel.swift; sourceTree = "<group>"; };
		FD9BB76B26F8BC7600CBE7E5 /* ChargingInProgressView.swift */ = {isa = PBXFileReference; lastKnownFileType = sourcecode.swift; path = ChargingInProgressView.swift; sourceTree = "<group>"; };
		FDDFFF4526EF7C7F004B8EE9 /* SettingsView.swift */ = {isa = PBXFileReference; lastKnownFileType = sourcecode.swift; path = SettingsView.swift; sourceTree = "<group>"; };
/* End PBXFileReference section */

/* Begin PBXFrameworksBuildPhase section */
		D3D6D14B26E6286500B77B16 /* Frameworks */ = {
			isa = PBXFrameworksBuildPhase;
			buildActionMask = 2147483647;
			files = (
				D36667712716F1CE002EA995 /* KlarnaMobileSDK in Frameworks */,
				D3A2033226F22411007B0D90 /* CodeScanner in Frameworks */,
			);
			runOnlyForDeploymentPostprocessing = 0;
		};
		D3D6D16126E6286800B77B16 /* Frameworks */ = {
			isa = PBXFrameworksBuildPhase;
			buildActionMask = 2147483647;
			files = (
			);
			runOnlyForDeploymentPostprocessing = 0;
		};
		D3D6D16C26E6286800B77B16 /* Frameworks */ = {
			isa = PBXFrameworksBuildPhase;
			buildActionMask = 2147483647;
			files = (
			);
			runOnlyForDeploymentPostprocessing = 0;
		};
/* End PBXFrameworksBuildPhase section */

/* Begin PBXGroup section */
		651A7A5926EF48C900A8A16D /* RegisterAccount */ = {
			isa = PBXGroup;
			children = (
				651A7A5A26EF490000A8A16D /* RegisterAccountView.swift */,
				651A7A5C26EF4A0300A8A16D /* RegisterAccountViewModel.swift */,
			);
			path = RegisterAccount;
			sourceTree = "<group>";
		};
		651A7A5E26F879CC00A8A16D /* SetupInvoice */ = {
			isa = PBXGroup;
			children = (
				651A7A5F26F879F000A8A16D /* SetUpInvoiceView.swift */,
				65F14A3826F8872A00C9B443 /* SetupUpInvoiceViewModel.swift */,
			);
			path = SetupInvoice;
			sourceTree = "<group>";
		};
		6592EDF62701BBF900AFB3A1 /* Invoices */ = {
			isa = PBXGroup;
			children = (
				6592EDF82701BC6900AFB3A1 /* InvoicesView.swift */,
				6592EDFA2701BCB200AFB3A1 /* InvoicesViewModel.swift */,
			);
			path = Invoices;
			sourceTree = "<group>";
		};
		D311946726E9112E004DCFC8 /* Models */ = {
			isa = PBXGroup;
			children = (
				D3A1D66926FB3B0900B71BCA /* ChargerAPI.swift */,
				63D0ABBE28D0BB5F00897868 /* AccountAPI.swift */,
				C0624DCF28D462A2007F68D8 /* AccountDataModel.swift */,
			);
			path = Models;
			sourceTree = "<group>";
		};
		D334B13326EF9AAA000D31E9 /* RecoverPassword */ = {
			isa = PBXGroup;
			children = (
				D334B13426EF9ABE000D31E9 /* RecoverPasswordView.swift */,
				D334B13626EFBBAA000D31E9 /* EmailSentView.swift */,
			);
			path = RecoverPassword;
			sourceTree = "<group>";
		};
		D366298526E907C20082FAF1 /* Content */ = {
			isa = PBXGroup;
			children = (
				D3D6D18726E629BE00B77B16 /* ContentView.swift */,
			);
			path = Content;
			sourceTree = "<group>";
		};
		D366298626E907CE0082FAF1 /* Map */ = {
			isa = PBXGroup;
			children = (
				D327CD6326E64D0D007FC380 /* MapView.swift */,
				D35844E726FB6AB1004F5790 /* LocationManager.swift */,
			);
			path = Map;
			sourceTree = "<group>";
		};
		D366298726E907E60082FAF1 /* IdentifyCharger */ = {
			isa = PBXGroup;
			children = (
				D327CD6526E65F32007FC380 /* IdentifyChargerView.swift */,
				FD8B4F1426EA11D400B0FDB5 /* IdentifyChargerViewModel.swift */,
				D34A1AC026F52E89001EB5D2 /* ChargerRowView.swift */,
				D34A1AC226F53D0E001EB5D2 /* ChargerHub.swift */,
				D34A1AC426F54304001EB5D2 /* ChargerList.swift */,
				D3666B2B26FF313100AAA876 /* ChargerHubView.swift */,
			);
			path = IdentifyCharger;
			sourceTree = "<group>";
		};
		D388D13A2706ED71005C1927 /* Extensions */ = {
			isa = PBXGroup;
			children = (
				D388D13B2706ED85005C1927 /* Extensions.swift */,
			);
			path = Extensions;
			sourceTree = "<group>";
		};
		D388D13D270C5A5C005C1927 /* CommonUsage */ = {
			isa = PBXGroup;
			children = (
				D388D13E270C5AB2005C1927 /* RegularButton.swift */,
				D388D140270C7598005C1927 /* RegularTextField.swift */,
				D388D145270C79CF005C1927 /* SecureTextField.swift */,
				D31232392715C95D00BBD1EF /* BasicLoadingScreen.swift */,
			);
			path = CommonUsage;
			sourceTree = "<group>";
		};
		D388D142270C7762005C1927 /* UsefulValues */ = {
			isa = PBXGroup;
			children = (
				D388D143270C777C005C1927 /* UsefulValues.swift */,
			);
			path = UsefulValues;
			sourceTree = "<group>";
		};
		D3A2033626F2400C007B0D90 /* QR */ = {
			isa = PBXGroup;
			children = (
				D3A2033726F24025007B0D90 /* QROverlayView.swift */,
			);
			path = QR;
			sourceTree = "<group>";
		};
		D3A2033C26F4845C007B0D90 /* Login */ = {
			isa = PBXGroup;
			children = (
				D3A2033D26F4846B007B0D90 /* LoginView.swift */,
			);
			path = Login;
			sourceTree = "<group>";
		};
		D3D6D14526E6286500B77B16 = {
			isa = PBXGroup;
			children = (
				D3D6D15026E6286500B77B16 /* FlexiCharge */,
				D3D6D16726E6286800B77B16 /* FlexiChargeTests */,
				D3D6D17226E6286800B77B16 /* FlexiChargeUITests */,
				D3D6D14F26E6286500B77B16 /* Products */,
			);
			sourceTree = "<group>";
		};
		D3D6D14F26E6286500B77B16 /* Products */ = {
			isa = PBXGroup;
			children = (
				D3D6D14E26E6286500B77B16 /* FlexiCharge.app */,
				D3D6D16426E6286800B77B16 /* FlexiChargeTests.xctest */,
				D3D6D16F26E6286800B77B16 /* FlexiChargeUITests.xctest */,
			);
			name = Products;
			sourceTree = "<group>";
		};
		D3D6D15026E6286500B77B16 /* FlexiCharge */ = {
			isa = PBXGroup;
			children = (
				D388D142270C7762005C1927 /* UsefulValues */,
				D388D13A2706ED71005C1927 /* Extensions */,
				D311946726E9112E004DCFC8 /* Models */,
				D3D6D18C26E6403400B77B16 /* Views */,
				D3D6D15126E6286500B77B16 /* FlexiChargeApp.swift */,
				D3D6D15526E6286700B77B16 /* Assets.xcassets */,
				D3D6D15A26E6286700B77B16 /* Persistence.swift */,
				D3D6D15F26E6286700B77B16 /* Info.plist */,
				D3D6D15C26E6286700B77B16 /* FlexiCharge.xcdatamodeld */,
				D3D6D15726E6286700B77B16 /* Preview Content */,
			);
			path = FlexiCharge;
			sourceTree = "<group>";
		};
		D3D6D15726E6286700B77B16 /* Preview Content */ = {
			isa = PBXGroup;
			children = (
				D3D6D15826E6286700B77B16 /* Preview Assets.xcassets */,
			);
			path = "Preview Content";
			sourceTree = "<group>";
		};
		D3D6D16726E6286800B77B16 /* FlexiChargeTests */ = {
			isa = PBXGroup;
			children = (
				D3D6D16826E6286800B77B16 /* FlexiChargeTests.swift */,
				D3D6D16A26E6286800B77B16 /* Info.plist */,
			);
			path = FlexiChargeTests;
			sourceTree = "<group>";
		};
		D3D6D17226E6286800B77B16 /* FlexiChargeUITests */ = {
			isa = PBXGroup;
			children = (
				D3D6D17326E6286800B77B16 /* FlexiChargeUITests.swift */,
				D3D6D17526E6286800B77B16 /* Info.plist */,
			);
			path = FlexiChargeUITests;
			sourceTree = "<group>";
		};
		D3D6D18C26E6403400B77B16 /* Views */ = {
			isa = PBXGroup;
			children = (
				FD585628270DA8BB0003F109 /* KlarnaPayments */,
				D388D13D270C5A5C005C1927 /* CommonUsage */,
				FD9BB76A26F8BC1C00CBE7E5 /* ChargingInProgress */,
				D3A2033C26F4845C007B0D90 /* Login */,
				651A7A5926EF48C900A8A16D /* RegisterAccount */,
				D3A2033626F2400C007B0D90 /* QR */,
				FDDFFF4426EF7C37004B8EE9 /* Settings */,
				D334B13326EF9AAA000D31E9 /* RecoverPassword */,
				D366298726E907E60082FAF1 /* IdentifyCharger */,
				D366298626E907CE0082FAF1 /* Map */,
				D366298526E907C20082FAF1 /* Content */,
			);
			path = Views;
			sourceTree = "<group>";
		};
		FD585628270DA8BB0003F109 /* KlarnaPayments */ = {
			isa = PBXGroup;
			children = (
				FD585629270DA9490003F109 /* KlarnaView.swift */,
				FD58562B270DA97E0003F109 /* KlarnaViewModel.swift */,
			);
			path = KlarnaPayments;
			sourceTree = "<group>";
		};
		FD9BB76A26F8BC1C00CBE7E5 /* ChargingInProgress */ = {
			isa = PBXGroup;
			children = (
				FD9BB76B26F8BC7600CBE7E5 /* ChargingInProgressView.swift */,
			);
			path = ChargingInProgress;
			sourceTree = "<group>";
		};
		FDDFFF4426EF7C37004B8EE9 /* Settings */ = {
			isa = PBXGroup;
			children = (
				6592EDF62701BBF900AFB3A1 /* Invoices */,
				651A7A5E26F879CC00A8A16D /* SetupInvoice */,
				FDDFFF4526EF7C7F004B8EE9 /* SettingsView.swift */,
			);
			path = Settings;
			sourceTree = "<group>";
		};
/* End PBXGroup section */

/* Begin PBXNativeTarget section */
		D3D6D14D26E6286500B77B16 /* FlexiCharge */ = {
			isa = PBXNativeTarget;
			buildConfigurationList = D3D6D17826E6286800B77B16 /* Build configuration list for PBXNativeTarget "FlexiCharge" */;
			buildPhases = (
				D3D6D14A26E6286500B77B16 /* Sources */,
				D3D6D14B26E6286500B77B16 /* Frameworks */,
				D3D6D14C26E6286500B77B16 /* Resources */,
			);
			buildRules = (
			);
			dependencies = (
			);
			name = FlexiCharge;
			packageProductDependencies = (
				D3A2033126F22411007B0D90 /* CodeScanner */,
				D36667702716F1CE002EA995 /* KlarnaMobileSDK */,
			);
			productName = FlexiCharge;
			productReference = D3D6D14E26E6286500B77B16 /* FlexiCharge.app */;
			productType = "com.apple.product-type.application";
		};
		D3D6D16326E6286800B77B16 /* FlexiChargeTests */ = {
			isa = PBXNativeTarget;
			buildConfigurationList = D3D6D17B26E6286800B77B16 /* Build configuration list for PBXNativeTarget "FlexiChargeTests" */;
			buildPhases = (
				D3D6D16026E6286800B77B16 /* Sources */,
				D3D6D16126E6286800B77B16 /* Frameworks */,
				D3D6D16226E6286800B77B16 /* Resources */,
			);
			buildRules = (
			);
			dependencies = (
				D3D6D16626E6286800B77B16 /* PBXTargetDependency */,
			);
			name = FlexiChargeTests;
			productName = FlexiChargeTests;
			productReference = D3D6D16426E6286800B77B16 /* FlexiChargeTests.xctest */;
			productType = "com.apple.product-type.bundle.unit-test";
		};
		D3D6D16E26E6286800B77B16 /* FlexiChargeUITests */ = {
			isa = PBXNativeTarget;
			buildConfigurationList = D3D6D17E26E6286800B77B16 /* Build configuration list for PBXNativeTarget "FlexiChargeUITests" */;
			buildPhases = (
				D3D6D16B26E6286800B77B16 /* Sources */,
				D3D6D16C26E6286800B77B16 /* Frameworks */,
				D3D6D16D26E6286800B77B16 /* Resources */,
			);
			buildRules = (
			);
			dependencies = (
				D3D6D17126E6286800B77B16 /* PBXTargetDependency */,
			);
			name = FlexiChargeUITests;
			productName = FlexiChargeUITests;
			productReference = D3D6D16F26E6286800B77B16 /* FlexiChargeUITests.xctest */;
			productType = "com.apple.product-type.bundle.ui-testing";
		};
/* End PBXNativeTarget section */

/* Begin PBXProject section */
		D3D6D14626E6286500B77B16 /* Project object */ = {
			isa = PBXProject;
			attributes = {
				LastSwiftUpdateCheck = 1230;
				LastUpgradeCheck = 1230;
				TargetAttributes = {
					D3D6D14D26E6286500B77B16 = {
						CreatedOnToolsVersion = 12.3;
					};
					D3D6D16326E6286800B77B16 = {
						CreatedOnToolsVersion = 12.3;
						TestTargetID = D3D6D14D26E6286500B77B16;
					};
					D3D6D16E26E6286800B77B16 = {
						CreatedOnToolsVersion = 12.3;
						TestTargetID = D3D6D14D26E6286500B77B16;
					};
				};
			};
			buildConfigurationList = D3D6D14926E6286500B77B16 /* Build configuration list for PBXProject "FlexiCharge" */;
			compatibilityVersion = "Xcode 9.3";
			developmentRegion = en;
			hasScannedForEncodings = 0;
			knownRegions = (
				en,
				Base,
			);
			mainGroup = D3D6D14526E6286500B77B16;
			packageReferences = (
				D3A2033026F22411007B0D90 /* XCRemoteSwiftPackageReference "CodeScanner" */,
				D366676F2716F1CE002EA995 /* XCRemoteSwiftPackageReference "klarna-mobile-sdk" */,
			);
			productRefGroup = D3D6D14F26E6286500B77B16 /* Products */;
			projectDirPath = "";
			projectRoot = "";
			targets = (
				D3D6D14D26E6286500B77B16 /* FlexiCharge */,
				D3D6D16326E6286800B77B16 /* FlexiChargeTests */,
				D3D6D16E26E6286800B77B16 /* FlexiChargeUITests */,
			);
		};
/* End PBXProject section */

/* Begin PBXResourcesBuildPhase section */
		D3D6D14C26E6286500B77B16 /* Resources */ = {
			isa = PBXResourcesBuildPhase;
			buildActionMask = 2147483647;
			files = (
				D3D6D15926E6286700B77B16 /* Preview Assets.xcassets in Resources */,
				D3D6D15626E6286700B77B16 /* Assets.xcassets in Resources */,
			);
			runOnlyForDeploymentPostprocessing = 0;
		};
		D3D6D16226E6286800B77B16 /* Resources */ = {
			isa = PBXResourcesBuildPhase;
			buildActionMask = 2147483647;
			files = (
			);
			runOnlyForDeploymentPostprocessing = 0;
		};
		D3D6D16D26E6286800B77B16 /* Resources */ = {
			isa = PBXResourcesBuildPhase;
			buildActionMask = 2147483647;
			files = (
			);
			runOnlyForDeploymentPostprocessing = 0;
		};
/* End PBXResourcesBuildPhase section */

/* Begin PBXSourcesBuildPhase section */
		D3D6D14A26E6286500B77B16 /* Sources */ = {
			isa = PBXSourcesBuildPhase;
			buildActionMask = 2147483647;
			files = (
				D3D6D15B26E6286700B77B16 /* Persistence.swift in Sources */,
				D3666B2C26FF313100AAA876 /* ChargerHubView.swift in Sources */,
				D388D144270C777C005C1927 /* UsefulValues.swift in Sources */,
				FDDFFF4626EF7C7F004B8EE9 /* SettingsView.swift in Sources */,
				D34A1AC126F52E89001EB5D2 /* ChargerRowView.swift in Sources */,
				D3D6D15E26E6286700B77B16 /* FlexiCharge.xcdatamodeld in Sources */,
				D388D146270C79CF005C1927 /* SecureTextField.swift in Sources */,
				6592EDF92701BC6900AFB3A1 /* InvoicesView.swift in Sources */,
				D34A1AC526F54304001EB5D2 /* ChargerList.swift in Sources */,
				6592EDFB2701BCB200AFB3A1 /* InvoicesViewModel.swift in Sources */,
				651A7A5B26EF490000A8A16D /* RegisterAccountView.swift in Sources */,
				651A7A5D26EF4A0300A8A16D /* RegisterAccountViewModel.swift in Sources */,
				D3A1D66A26FB3B0900B71BCA /* ChargerAPI.swift in Sources */,
				D334B13526EF9ABE000D31E9 /* RecoverPasswordView.swift in Sources */,
				D34A1AC326F53D0E001EB5D2 /* ChargerHub.swift in Sources */,
				D312323A2715C95D00BBD1EF /* BasicLoadingScreen.swift in Sources */,
				C0624DD028D462A2007F68D8 /* AccountDataModel.swift in Sources */,
				D3A2033826F24025007B0D90 /* QROverlayView.swift in Sources */,
				D35844E826FB6AB1004F5790 /* LocationManager.swift in Sources */,
				FD8B4F1526EA11D400B0FDB5 /* IdentifyChargerViewModel.swift in Sources */,
				D388D141270C7598005C1927 /* RegularTextField.swift in Sources */,
				D388D13F270C5AB2005C1927 /* RegularButton.swift in Sources */,
				65F14A3926F8872A00C9B443 /* SetupUpInvoiceViewModel.swift in Sources */,
				FD58562C270DA97E0003F109 /* KlarnaViewModel.swift in Sources */,
				D3A2033826F24025007B0D90 /* QROverlayView.swift in Sources */,
				D35844E826FB6AB1004F5790 /* LocationManager.swift in Sources */,
				FD8B4F1526EA11D400B0FDB5 /* IdentifyChargerViewModel.swift in Sources */,
				65F14A3926F8872A00C9B443 /* SetupUpInvoiceViewModel.swift in Sources */,
				D334B13726EFBBAA000D31E9 /* EmailSentView.swift in Sources */,
				D327CD6426E64D0D007FC380 /* MapView.swift in Sources */,
				D3D6D18826E629BE00B77B16 /* ContentView.swift in Sources */,
				63D0ABBF28D0BB5F00897868 /* AccountAPI.swift in Sources */,
				FD9BB76C26F8BC7600CBE7E5 /* ChargingInProgressView.swift in Sources */,
				D388D13C2706ED85005C1927 /* Extensions.swift in Sources */,
				651A7A6026F879F000A8A16D /* SetUpInvoiceView.swift in Sources */,
				D3A2033E26F4846B007B0D90 /* LoginView.swift in Sources */,
				D3D6D15226E6286500B77B16 /* FlexiChargeApp.swift in Sources */,
				FD58562A270DA9490003F109 /* KlarnaView.swift in Sources */,
				D327CD6626E65F33007FC380 /* IdentifyChargerView.swift in Sources */,
			);
			runOnlyForDeploymentPostprocessing = 0;
		};
		D3D6D16026E6286800B77B16 /* Sources */ = {
			isa = PBXSourcesBuildPhase;
			buildActionMask = 2147483647;
			files = (
				D3D6D16926E6286800B77B16 /* FlexiChargeTests.swift in Sources */,
			);
			runOnlyForDeploymentPostprocessing = 0;
		};
		D3D6D16B26E6286800B77B16 /* Sources */ = {
			isa = PBXSourcesBuildPhase;
			buildActionMask = 2147483647;
			files = (
				D3D6D17426E6286800B77B16 /* FlexiChargeUITests.swift in Sources */,
			);
			runOnlyForDeploymentPostprocessing = 0;
		};
/* End PBXSourcesBuildPhase section */

/* Begin PBXTargetDependency section */
		D3D6D16626E6286800B77B16 /* PBXTargetDependency */ = {
			isa = PBXTargetDependency;
			target = D3D6D14D26E6286500B77B16 /* FlexiCharge */;
			targetProxy = D3D6D16526E6286800B77B16 /* PBXContainerItemProxy */;
		};
		D3D6D17126E6286800B77B16 /* PBXTargetDependency */ = {
			isa = PBXTargetDependency;
			target = D3D6D14D26E6286500B77B16 /* FlexiCharge */;
			targetProxy = D3D6D17026E6286800B77B16 /* PBXContainerItemProxy */;
		};
/* End PBXTargetDependency section */

/* Begin XCBuildConfiguration section */
		D3D6D17626E6286800B77B16 /* Debug */ = {
			isa = XCBuildConfiguration;
			buildSettings = {
				ALWAYS_SEARCH_USER_PATHS = NO;
				CLANG_ANALYZER_NONNULL = YES;
				CLANG_ANALYZER_NUMBER_OBJECT_CONVERSION = YES_AGGRESSIVE;
				CLANG_CXX_LANGUAGE_STANDARD = "gnu++14";
				CLANG_CXX_LIBRARY = "libc++";
				CLANG_ENABLE_MODULES = YES;
				CLANG_ENABLE_OBJC_ARC = YES;
				CLANG_ENABLE_OBJC_WEAK = YES;
				CLANG_WARN_BLOCK_CAPTURE_AUTORELEASING = YES;
				CLANG_WARN_BOOL_CONVERSION = YES;
				CLANG_WARN_COMMA = YES;
				CLANG_WARN_CONSTANT_CONVERSION = YES;
				CLANG_WARN_DEPRECATED_OBJC_IMPLEMENTATIONS = YES;
				CLANG_WARN_DIRECT_OBJC_ISA_USAGE = YES_ERROR;
				CLANG_WARN_DOCUMENTATION_COMMENTS = YES;
				CLANG_WARN_EMPTY_BODY = YES;
				CLANG_WARN_ENUM_CONVERSION = YES;
				CLANG_WARN_INFINITE_RECURSION = YES;
				CLANG_WARN_INT_CONVERSION = YES;
				CLANG_WARN_NON_LITERAL_NULL_CONVERSION = YES;
				CLANG_WARN_OBJC_IMPLICIT_RETAIN_SELF = YES;
				CLANG_WARN_OBJC_LITERAL_CONVERSION = YES;
				CLANG_WARN_OBJC_ROOT_CLASS = YES_ERROR;
				CLANG_WARN_QUOTED_INCLUDE_IN_FRAMEWORK_HEADER = YES;
				CLANG_WARN_RANGE_LOOP_ANALYSIS = YES;
				CLANG_WARN_STRICT_PROTOTYPES = YES;
				CLANG_WARN_SUSPICIOUS_MOVE = YES;
				CLANG_WARN_UNGUARDED_AVAILABILITY = YES_AGGRESSIVE;
				CLANG_WARN_UNREACHABLE_CODE = YES;
				CLANG_WARN__DUPLICATE_METHOD_MATCH = YES;
				COPY_PHASE_STRIP = NO;
				DEBUG_INFORMATION_FORMAT = dwarf;
				ENABLE_STRICT_OBJC_MSGSEND = YES;
				ENABLE_TESTABILITY = YES;
				GCC_C_LANGUAGE_STANDARD = gnu11;
				GCC_DYNAMIC_NO_PIC = NO;
				GCC_NO_COMMON_BLOCKS = YES;
				GCC_OPTIMIZATION_LEVEL = 0;
				GCC_PREPROCESSOR_DEFINITIONS = (
					"DEBUG=1",
					"$(inherited)",
				);
				GCC_WARN_64_TO_32_BIT_CONVERSION = YES;
				GCC_WARN_ABOUT_RETURN_TYPE = YES_ERROR;
				GCC_WARN_UNDECLARED_SELECTOR = YES;
				GCC_WARN_UNINITIALIZED_AUTOS = YES_AGGRESSIVE;
				GCC_WARN_UNUSED_FUNCTION = YES;
				GCC_WARN_UNUSED_VARIABLE = YES;
				IPHONEOS_DEPLOYMENT_TARGET = 14.0;
				MTL_ENABLE_DEBUG_INFO = INCLUDE_SOURCE;
				MTL_FAST_MATH = YES;
				ONLY_ACTIVE_ARCH = YES;
				SDKROOT = iphoneos;
				SWIFT_ACTIVE_COMPILATION_CONDITIONS = DEBUG;
				SWIFT_OPTIMIZATION_LEVEL = "-Onone";
			};
			name = Debug;
		};
		D3D6D17726E6286800B77B16 /* Release */ = {
			isa = XCBuildConfiguration;
			buildSettings = {
				ALWAYS_SEARCH_USER_PATHS = NO;
				CLANG_ANALYZER_NONNULL = YES;
				CLANG_ANALYZER_NUMBER_OBJECT_CONVERSION = YES_AGGRESSIVE;
				CLANG_CXX_LANGUAGE_STANDARD = "gnu++14";
				CLANG_CXX_LIBRARY = "libc++";
				CLANG_ENABLE_MODULES = YES;
				CLANG_ENABLE_OBJC_ARC = YES;
				CLANG_ENABLE_OBJC_WEAK = YES;
				CLANG_WARN_BLOCK_CAPTURE_AUTORELEASING = YES;
				CLANG_WARN_BOOL_CONVERSION = YES;
				CLANG_WARN_COMMA = YES;
				CLANG_WARN_CONSTANT_CONVERSION = YES;
				CLANG_WARN_DEPRECATED_OBJC_IMPLEMENTATIONS = YES;
				CLANG_WARN_DIRECT_OBJC_ISA_USAGE = YES_ERROR;
				CLANG_WARN_DOCUMENTATION_COMMENTS = YES;
				CLANG_WARN_EMPTY_BODY = YES;
				CLANG_WARN_ENUM_CONVERSION = YES;
				CLANG_WARN_INFINITE_RECURSION = YES;
				CLANG_WARN_INT_CONVERSION = YES;
				CLANG_WARN_NON_LITERAL_NULL_CONVERSION = YES;
				CLANG_WARN_OBJC_IMPLICIT_RETAIN_SELF = YES;
				CLANG_WARN_OBJC_LITERAL_CONVERSION = YES;
				CLANG_WARN_OBJC_ROOT_CLASS = YES_ERROR;
				CLANG_WARN_QUOTED_INCLUDE_IN_FRAMEWORK_HEADER = YES;
				CLANG_WARN_RANGE_LOOP_ANALYSIS = YES;
				CLANG_WARN_STRICT_PROTOTYPES = YES;
				CLANG_WARN_SUSPICIOUS_MOVE = YES;
				CLANG_WARN_UNGUARDED_AVAILABILITY = YES_AGGRESSIVE;
				CLANG_WARN_UNREACHABLE_CODE = YES;
				CLANG_WARN__DUPLICATE_METHOD_MATCH = YES;
				COPY_PHASE_STRIP = NO;
				DEBUG_INFORMATION_FORMAT = "dwarf-with-dsym";
				ENABLE_NS_ASSERTIONS = NO;
				ENABLE_STRICT_OBJC_MSGSEND = YES;
				GCC_C_LANGUAGE_STANDARD = gnu11;
				GCC_NO_COMMON_BLOCKS = YES;
				GCC_WARN_64_TO_32_BIT_CONVERSION = YES;
				GCC_WARN_ABOUT_RETURN_TYPE = YES_ERROR;
				GCC_WARN_UNDECLARED_SELECTOR = YES;
				GCC_WARN_UNINITIALIZED_AUTOS = YES_AGGRESSIVE;
				GCC_WARN_UNUSED_FUNCTION = YES;
				GCC_WARN_UNUSED_VARIABLE = YES;
				IPHONEOS_DEPLOYMENT_TARGET = 14.0;
				MTL_ENABLE_DEBUG_INFO = NO;
				MTL_FAST_MATH = YES;
				ONLY_ACTIVE_ARCH = YES;
				SDKROOT = iphoneos;
				SWIFT_COMPILATION_MODE = wholemodule;
				SWIFT_OPTIMIZATION_LEVEL = "-O";
				VALIDATE_PRODUCT = YES;
			};
			name = Release;
		};
		D3D6D17926E6286800B77B16 /* Debug */ = {
			isa = XCBuildConfiguration;
			buildSettings = {
				ASSETCATALOG_COMPILER_APPICON_NAME = AppIcon;
				ASSETCATALOG_COMPILER_GLOBAL_ACCENT_COLOR_NAME = AccentColor;
				CODE_SIGN_IDENTITY = "Apple Development";
				CODE_SIGN_STYLE = Automatic;
				DEVELOPMENT_ASSET_PATHS = "\"FlexiCharge/Preview Content\"";
				DEVELOPMENT_TEAM = S87W9XZJ58;
				ENABLE_PREVIEWS = YES;
				INFOPLIST_FILE = FlexiCharge/Info.plist;
				IPHONEOS_DEPLOYMENT_TARGET = 14.0;
				LD_RUNPATH_SEARCH_PATHS = (
					"$(inherited)",
					"@executable_path/Frameworks",
				);
				PRODUCT_BUNDLE_IDENTIFIER = AbstractConnoisseurs1.FlexiCharge;
				PRODUCT_NAME = "$(TARGET_NAME)";
				PROVISIONING_PROFILE_SPECIFIER = "";
				SWIFT_VERSION = 4.2;
				TARGETED_DEVICE_FAMILY = 1;
			};
			name = Debug;
		};
		D3D6D17A26E6286800B77B16 /* Release */ = {
			isa = XCBuildConfiguration;
			buildSettings = {
				ASSETCATALOG_COMPILER_APPICON_NAME = AppIcon;
				ASSETCATALOG_COMPILER_GLOBAL_ACCENT_COLOR_NAME = AccentColor;
				CODE_SIGN_IDENTITY = "Apple Development";
				CODE_SIGN_STYLE = Automatic;
				DEVELOPMENT_ASSET_PATHS = "\"FlexiCharge/Preview Content\"";
				DEVELOPMENT_TEAM = S87W9XZJ58;
				ENABLE_PREVIEWS = YES;
				INFOPLIST_FILE = FlexiCharge/Info.plist;
				IPHONEOS_DEPLOYMENT_TARGET = 14.0;
				LD_RUNPATH_SEARCH_PATHS = (
					"$(inherited)",
					"@executable_path/Frameworks",
				);
				PRODUCT_BUNDLE_IDENTIFIER = AbstractConnoisseurs1.FlexiCharge;
				PRODUCT_NAME = "$(TARGET_NAME)";
				PROVISIONING_PROFILE_SPECIFIER = "";
				SWIFT_VERSION = 4.2;
				TARGETED_DEVICE_FAMILY = 1;
			};
			name = Release;
		};
		D3D6D17C26E6286800B77B16 /* Debug */ = {
			isa = XCBuildConfiguration;
			buildSettings = {
				ALWAYS_EMBED_SWIFT_STANDARD_LIBRARIES = YES;
				BUNDLE_LOADER = "$(TEST_HOST)";
				CODE_SIGN_STYLE = Automatic;
				DEVELOPMENT_TEAM = 63ES69XEGU;
				INFOPLIST_FILE = FlexiChargeTests/Info.plist;
				IPHONEOS_DEPLOYMENT_TARGET = 14.0;
				LD_RUNPATH_SEARCH_PATHS = (
					"$(inherited)",
					"@executable_path/Frameworks",
					"@loader_path/Frameworks",
				);
				PRODUCT_BUNDLE_IDENTIFIER = AbstractConnoisseurs.FlexiChargeTests;
				PRODUCT_NAME = "$(TARGET_NAME)";
				SWIFT_VERSION = 5.0;
				TARGETED_DEVICE_FAMILY = "1,2";
				TEST_HOST = "$(BUILT_PRODUCTS_DIR)/FlexiCharge.app/FlexiCharge";
			};
			name = Debug;
		};
		D3D6D17D26E6286800B77B16 /* Release */ = {
			isa = XCBuildConfiguration;
			buildSettings = {
				ALWAYS_EMBED_SWIFT_STANDARD_LIBRARIES = YES;
				BUNDLE_LOADER = "$(TEST_HOST)";
				CODE_SIGN_STYLE = Automatic;
				DEVELOPMENT_TEAM = 63ES69XEGU;
				INFOPLIST_FILE = FlexiChargeTests/Info.plist;
				IPHONEOS_DEPLOYMENT_TARGET = 14.0;
				LD_RUNPATH_SEARCH_PATHS = (
					"$(inherited)",
					"@executable_path/Frameworks",
					"@loader_path/Frameworks",
				);
				PRODUCT_BUNDLE_IDENTIFIER = AbstractConnoisseurs.FlexiChargeTests;
				PRODUCT_NAME = "$(TARGET_NAME)";
				SWIFT_VERSION = 5.0;
				TARGETED_DEVICE_FAMILY = "1,2";
				TEST_HOST = "$(BUILT_PRODUCTS_DIR)/FlexiCharge.app/FlexiCharge";
			};
			name = Release;
		};
		D3D6D17F26E6286800B77B16 /* Debug */ = {
			isa = XCBuildConfiguration;
			buildSettings = {
				ALWAYS_EMBED_SWIFT_STANDARD_LIBRARIES = YES;
				CODE_SIGN_STYLE = Automatic;
				DEVELOPMENT_TEAM = 63ES69XEGU;
				INFOPLIST_FILE = FlexiChargeUITests/Info.plist;
				LD_RUNPATH_SEARCH_PATHS = (
					"$(inherited)",
					"@executable_path/Frameworks",
					"@loader_path/Frameworks",
				);
				PRODUCT_BUNDLE_IDENTIFIER = AbstractConnoisseurs.FlexiChargeUITests;
				PRODUCT_NAME = "$(TARGET_NAME)";
				SWIFT_VERSION = 5.0;
				TARGETED_DEVICE_FAMILY = "1,2";
				TEST_TARGET_NAME = FlexiCharge;
			};
			name = Debug;
		};
		D3D6D18026E6286800B77B16 /* Release */ = {
			isa = XCBuildConfiguration;
			buildSettings = {
				ALWAYS_EMBED_SWIFT_STANDARD_LIBRARIES = YES;
				CODE_SIGN_STYLE = Automatic;
				DEVELOPMENT_TEAM = 63ES69XEGU;
				INFOPLIST_FILE = FlexiChargeUITests/Info.plist;
				LD_RUNPATH_SEARCH_PATHS = (
					"$(inherited)",
					"@executable_path/Frameworks",
					"@loader_path/Frameworks",
				);
				PRODUCT_BUNDLE_IDENTIFIER = AbstractConnoisseurs.FlexiChargeUITests;
				PRODUCT_NAME = "$(TARGET_NAME)";
				SWIFT_VERSION = 5.0;
				TARGETED_DEVICE_FAMILY = "1,2";
				TEST_TARGET_NAME = FlexiCharge;
			};
			name = Release;
		};
/* End XCBuildConfiguration section */

/* Begin XCConfigurationList section */
		D3D6D14926E6286500B77B16 /* Build configuration list for PBXProject "FlexiCharge" */ = {
			isa = XCConfigurationList;
			buildConfigurations = (
				D3D6D17626E6286800B77B16 /* Debug */,
				D3D6D17726E6286800B77B16 /* Release */,
			);
			defaultConfigurationIsVisible = 0;
			defaultConfigurationName = Release;
		};
		D3D6D17826E6286800B77B16 /* Build configuration list for PBXNativeTarget "FlexiCharge" */ = {
			isa = XCConfigurationList;
			buildConfigurations = (
				D3D6D17926E6286800B77B16 /* Debug */,
				D3D6D17A26E6286800B77B16 /* Release */,
			);
			defaultConfigurationIsVisible = 0;
			defaultConfigurationName = Release;
		};
		D3D6D17B26E6286800B77B16 /* Build configuration list for PBXNativeTarget "FlexiChargeTests" */ = {
			isa = XCConfigurationList;
			buildConfigurations = (
				D3D6D17C26E6286800B77B16 /* Debug */,
				D3D6D17D26E6286800B77B16 /* Release */,
			);
			defaultConfigurationIsVisible = 0;
			defaultConfigurationName = Release;
		};
		D3D6D17E26E6286800B77B16 /* Build configuration list for PBXNativeTarget "FlexiChargeUITests" */ = {
			isa = XCConfigurationList;
			buildConfigurations = (
				D3D6D17F26E6286800B77B16 /* Debug */,
				D3D6D18026E6286800B77B16 /* Release */,
			);
			defaultConfigurationIsVisible = 0;
			defaultConfigurationName = Release;
		};
/* End XCConfigurationList section */

/* Begin XCRemoteSwiftPackageReference section */
		D366676F2716F1CE002EA995 /* XCRemoteSwiftPackageReference "klarna-mobile-sdk" */ = {
			isa = XCRemoteSwiftPackageReference;
			repositoryURL = "https://github.com/klarna/klarna-mobile-sdk";
			requirement = {
				kind = versionRange;
				maximumVersion = 3.0.0;
				minimumVersion = 2.0.44;
			};
		};
		D3A2033026F22411007B0D90 /* XCRemoteSwiftPackageReference "CodeScanner" */ = {
			isa = XCRemoteSwiftPackageReference;
			repositoryURL = "https://github.com/twostraws/CodeScanner";
			requirement = {
				kind = upToNextMajorVersion;
				minimumVersion = 1.0.7;
			};
		};
/* End XCRemoteSwiftPackageReference section */

/* Begin XCSwiftPackageProductDependency section */
		D36667702716F1CE002EA995 /* KlarnaMobileSDK */ = {
			isa = XCSwiftPackageProductDependency;
			package = D366676F2716F1CE002EA995 /* XCRemoteSwiftPackageReference "klarna-mobile-sdk" */;
			productName = KlarnaMobileSDK;
		};
		D3A2033126F22411007B0D90 /* CodeScanner */ = {
			isa = XCSwiftPackageProductDependency;
			package = D3A2033026F22411007B0D90 /* XCRemoteSwiftPackageReference "CodeScanner" */;
			productName = CodeScanner;
		};
/* End XCSwiftPackageProductDependency section */

/* Begin XCVersionGroup section */
		D3D6D15C26E6286700B77B16 /* FlexiCharge.xcdatamodeld */ = {
			isa = XCVersionGroup;
			children = (
				D3D6D15D26E6286700B77B16 /* FlexiCharge.xcdatamodel */,
			);
			currentVersion = D3D6D15D26E6286700B77B16 /* FlexiCharge.xcdatamodel */;
			path = FlexiCharge.xcdatamodeld;
			sourceTree = "<group>";
			versionGroupType = wrapper.xcdatamodel;
		};
/* End XCVersionGroup section */
	};
	rootObject = D3D6D14626E6286500B77B16 /* Project object */;
}
